
Microsoft Visual Studio Solution File, Format Version 12.00
# Visual Studio Version 17
VisualStudioVersion = 17.0.31919.166
MinimumVisualStudioVersion = 10.0.40219.1
Project("{13B669BE-BB05-4DDF-9536-439F39A36129}") = "laba4", "laba4.phpproj", "{3D68B686-94F2-4A52-8DA3-0CF1427E4C63}"
EndProject
Global
	GlobalSection(SolutionConfigurationPlatforms) = preSolution
		Debug|Any CPU = Debug|Any CPU
		Release|Any CPU = Release|Any CPU
	EndGlobalSection
	GlobalSection(ProjectConfigurationPlatforms) = postSolution
		{3D68B686-94F2-4A52-8DA3-0CF1427E4C63}.Debug|Any CPU.ActiveCfg = Debug|Any CPU
		{3D68B686-94F2-4A52-8DA3-0CF1427E4C63}.Debug|Any CPU.Build.0 = Debug|Any CPU
		{3D68B686-94F2-4A52-8DA3-0CF1427E4C63}.Release|Any CPU.ActiveCfg = Release|Any CPU
		{3D68B686-94F2-4A52-8DA3-0CF1427E4C63}.Release|Any CPU.Build.0 = Release|Any CPU
	EndGlobalSection
	GlobalSection(SolutionProperties) = preSolution
		HideSolutionNode = FALSE
	EndGlobalSection
	GlobalSection(ExtensibilityGlobals) = postSolution
		SolutionGuid = {E6E659D6-E676-4EAD-A9BA-88CAACC3E40B}
	EndGlobalSection
EndGlobal
